// !$*UTF8*$!
{
	archiveVersion = 1;
	classes = {
	};
	objectVersion = 51;
	objects = {

/* Begin PBXBuildFile section */
		17E6F95FC1FA81C9F9EF8F68 /* Pods_RelatedDigitalExampleTests.framework in Frameworks */ = {isa = PBXBuildFile; fileRef = 8C65DCB10210318632CB04A1 /* Pods_RelatedDigitalExampleTests.framework */; };
		2F4250CF27B2679900D53F97 /* RelatedDigitalProfile.swift in Sources */ = {isa = PBXBuildFile; fileRef = 2F4250CE27B2679900D53F97 /* RelatedDigitalProfile.swift */; };
		2F4250D327B2745400D53F97 /* DataManager.swift in Sources */ = {isa = PBXBuildFile; fileRef = 2F4250D227B2745400D53F97 /* DataManager.swift */; };
		2F4250D527B275EA00D53F97 /* InAppViewController.swift in Sources */ = {isa = PBXBuildFile; fileRef = 2F4250D427B275EA00D53F97 /* InAppViewController.swift */; };
		2F4250D727B27C4900D53F97 /* Extensions.swift in Sources */ = {isa = PBXBuildFile; fileRef = 2F4250D627B27C4900D53F97 /* Extensions.swift */; };
		2F51063D27B3A5850008C996 /* StoryViewController.swift in Sources */ = {isa = PBXBuildFile; fileRef = 2F51063C27B3A5850008C996 /* StoryViewController.swift */; };
		2F51063F27B3A7380008C996 /* RecommendationViewController.swift in Sources */ = {isa = PBXBuildFile; fileRef = 2F51063E27B3A7380008C996 /* RecommendationViewController.swift */; };
		2F51064527B3A8890008C996 /* FavoriteViewController.swift in Sources */ = {isa = PBXBuildFile; fileRef = 2F51064427B3A8890008C996 /* FavoriteViewController.swift */; };
		4C0CB2C264445A8A014E5929 /* Pods_RelatedDigitalExample.framework in Frameworks */ = {isa = PBXBuildFile; fileRef = 4B5A998483FFF01F94AF0313 /* Pods_RelatedDigitalExample.framework */; };
		88146CD1269CF5AD00473051 /* RelatedDigitalTabBarController.swift in Sources */ = {isa = PBXBuildFile; fileRef = 88146CD0269CF5AD00473051 /* RelatedDigitalTabBarController.swift */; };
		88146CD3269CF8A400473051 /* AnalyticsViewController.swift in Sources */ = {isa = PBXBuildFile; fileRef = 88146CD2269CF8A400473051 /* AnalyticsViewController.swift */; };
		88146CD5269CF8E000473051 /* GeofenceViewController.swift in Sources */ = {isa = PBXBuildFile; fileRef = 88146CD4269CF8E000473051 /* GeofenceViewController.swift */; };
		88680B0D2694FC09004B8DE8 /* AppDelegate.swift in Sources */ = {isa = PBXBuildFile; fileRef = 88680B0C2694FC09004B8DE8 /* AppDelegate.swift */; };
		88680B112694FC09004B8DE8 /* HomeViewController.swift in Sources */ = {isa = PBXBuildFile; fileRef = 88680B102694FC09004B8DE8 /* HomeViewController.swift */; };
		88680B162694FC0C004B8DE8 /* Assets.xcassets in Resources */ = {isa = PBXBuildFile; fileRef = 88680B152694FC0C004B8DE8 /* Assets.xcassets */; };
		88680B192694FC0C004B8DE8 /* LaunchScreen.storyboard in Resources */ = {isa = PBXBuildFile; fileRef = 88680B172694FC0C004B8DE8 /* LaunchScreen.storyboard */; };
		88680B242694FC0D004B8DE8 /* RelatedDigitalExampleTests.swift in Sources */ = {isa = PBXBuildFile; fileRef = 88680B232694FC0D004B8DE8 /* RelatedDigitalExampleTests.swift */; };
		88680B2F2694FC0D004B8DE8 /* RelatedDigitalExampleUITests.swift in Sources */ = {isa = PBXBuildFile; fileRef = 88680B2E2694FC0D004B8DE8 /* RelatedDigitalExampleUITests.swift */; };
		88C888712695461400E50A10 /* FormViewController.swift in Sources */ = {isa = PBXBuildFile; fileRef = 88C888702695461400E50A10 /* FormViewController.swift */; };
		88C888752695474300E50A10 /* Core.swift in Sources */ = {isa = PBXBuildFile; fileRef = 88C888742695474300E50A10 /* Core.swift */; };
		88C8887926954A6000E50A10 /* Validation.swift in Sources */ = {isa = PBXBuildFile; fileRef = 88C8887826954A6000E50A10 /* Validation.swift */; };
/* End PBXBuildFile section */

/* Begin PBXContainerItemProxy section */
		88680B202694FC0D004B8DE8 /* PBXContainerItemProxy */ = {
			isa = PBXContainerItemProxy;
			containerPortal = 88680B012694FC09004B8DE8 /* Project object */;
			proxyType = 1;
			remoteGlobalIDString = 88680B082694FC09004B8DE8;
			remoteInfo = RelatedDigitalExample;
		};
		88680B2B2694FC0D004B8DE8 /* PBXContainerItemProxy */ = {
			isa = PBXContainerItemProxy;
			containerPortal = 88680B012694FC09004B8DE8 /* Project object */;
			proxyType = 1;
			remoteGlobalIDString = 88680B082694FC09004B8DE8;
			remoteInfo = RelatedDigitalExample;
		};
/* End PBXContainerItemProxy section */

/* Begin PBXFileReference section */
		2F325DEE27BFBB5A00817023 /* RelatedDigitalExample.entitlements */ = {isa = PBXFileReference; lastKnownFileType = text.plist.entitlements; path = RelatedDigitalExample.entitlements; sourceTree = "<group>"; };
		2F4250CE27B2679900D53F97 /* RelatedDigitalProfile.swift */ = {isa = PBXFileReference; lastKnownFileType = sourcecode.swift; path = RelatedDigitalProfile.swift; sourceTree = "<group>"; };
		2F4250D227B2745400D53F97 /* DataManager.swift */ = {isa = PBXFileReference; lastKnownFileType = sourcecode.swift; path = DataManager.swift; sourceTree = "<group>"; };
		2F4250D427B275EA00D53F97 /* InAppViewController.swift */ = {isa = PBXFileReference; lastKnownFileType = sourcecode.swift; path = InAppViewController.swift; sourceTree = "<group>"; };
		2F4250D627B27C4900D53F97 /* Extensions.swift */ = {isa = PBXFileReference; lastKnownFileType = sourcecode.swift; path = Extensions.swift; sourceTree = "<group>"; };
		2F51063C27B3A5850008C996 /* StoryViewController.swift */ = {isa = PBXFileReference; lastKnownFileType = sourcecode.swift; path = StoryViewController.swift; sourceTree = "<group>"; };
		2F51063E27B3A7380008C996 /* RecommendationViewController.swift */ = {isa = PBXFileReference; lastKnownFileType = sourcecode.swift; path = RecommendationViewController.swift; sourceTree = "<group>"; };
		2F51064427B3A8890008C996 /* FavoriteViewController.swift */ = {isa = PBXFileReference; lastKnownFileType = sourcecode.swift; path = FavoriteViewController.swift; sourceTree = "<group>"; };
		4B5A998483FFF01F94AF0313 /* Pods_RelatedDigitalExample.framework */ = {isa = PBXFileReference; explicitFileType = wrapper.framework; includeInIndex = 0; path = Pods_RelatedDigitalExample.framework; sourceTree = BUILT_PRODUCTS_DIR; };
		6C2532F67A145754C5FB2598 /* Pods-RelatedDigitalExample.release.xcconfig */ = {isa = PBXFileReference; includeInIndex = 1; lastKnownFileType = text.xcconfig; name = "Pods-RelatedDigitalExample.release.xcconfig"; path = "Target Support Files/Pods-RelatedDigitalExample/Pods-RelatedDigitalExample.release.xcconfig"; sourceTree = "<group>"; };
		88146CD0269CF5AD00473051 /* RelatedDigitalTabBarController.swift */ = {isa = PBXFileReference; lastKnownFileType = sourcecode.swift; path = RelatedDigitalTabBarController.swift; sourceTree = "<group>"; };
		88146CD2269CF8A400473051 /* AnalyticsViewController.swift */ = {isa = PBXFileReference; lastKnownFileType = sourcecode.swift; path = AnalyticsViewController.swift; sourceTree = "<group>"; };
		88146CD4269CF8E000473051 /* GeofenceViewController.swift */ = {isa = PBXFileReference; lastKnownFileType = sourcecode.swift; path = GeofenceViewController.swift; sourceTree = "<group>"; };
		88680B092694FC09004B8DE8 /* RelatedDigitalExample.app */ = {isa = PBXFileReference; explicitFileType = wrapper.application; includeInIndex = 0; path = RelatedDigitalExample.app; sourceTree = BUILT_PRODUCTS_DIR; };
		88680B0C2694FC09004B8DE8 /* AppDelegate.swift */ = {isa = PBXFileReference; lastKnownFileType = sourcecode.swift; path = AppDelegate.swift; sourceTree = "<group>"; };
		88680B102694FC09004B8DE8 /* HomeViewController.swift */ = {isa = PBXFileReference; lastKnownFileType = sourcecode.swift; path = HomeViewController.swift; sourceTree = "<group>"; };
		88680B152694FC0C004B8DE8 /* Assets.xcassets */ = {isa = PBXFileReference; lastKnownFileType = folder.assetcatalog; path = Assets.xcassets; sourceTree = "<group>"; };
		88680B182694FC0C004B8DE8 /* Base */ = {isa = PBXFileReference; lastKnownFileType = file.storyboard; name = Base; path = Base.lproj/LaunchScreen.storyboard; sourceTree = "<group>"; };
		88680B1A2694FC0C004B8DE8 /* Info.plist */ = {isa = PBXFileReference; lastKnownFileType = text.plist.xml; path = Info.plist; sourceTree = "<group>"; };
		88680B1F2694FC0D004B8DE8 /* RelatedDigitalExampleTests.xctest */ = {isa = PBXFileReference; explicitFileType = wrapper.cfbundle; includeInIndex = 0; path = RelatedDigitalExampleTests.xctest; sourceTree = BUILT_PRODUCTS_DIR; };
		88680B232694FC0D004B8DE8 /* RelatedDigitalExampleTests.swift */ = {isa = PBXFileReference; lastKnownFileType = sourcecode.swift; path = RelatedDigitalExampleTests.swift; sourceTree = "<group>"; };
		88680B252694FC0D004B8DE8 /* Info.plist */ = {isa = PBXFileReference; lastKnownFileType = text.plist.xml; path = Info.plist; sourceTree = "<group>"; };
		88680B2A2694FC0D004B8DE8 /* RelatedDigitalExampleUITests.xctest */ = {isa = PBXFileReference; explicitFileType = wrapper.cfbundle; includeInIndex = 0; path = RelatedDigitalExampleUITests.xctest; sourceTree = BUILT_PRODUCTS_DIR; };
		88680B2E2694FC0D004B8DE8 /* RelatedDigitalExampleUITests.swift */ = {isa = PBXFileReference; lastKnownFileType = sourcecode.swift; path = RelatedDigitalExampleUITests.swift; sourceTree = "<group>"; };
		88680B302694FC0D004B8DE8 /* Info.plist */ = {isa = PBXFileReference; lastKnownFileType = text.plist.xml; path = Info.plist; sourceTree = "<group>"; };
		88C888702695461400E50A10 /* FormViewController.swift */ = {isa = PBXFileReference; lastKnownFileType = sourcecode.swift; path = FormViewController.swift; sourceTree = "<group>"; };
		88C888742695474300E50A10 /* Core.swift */ = {isa = PBXFileReference; lastKnownFileType = sourcecode.swift; path = Core.swift; sourceTree = "<group>"; };
		88C8887826954A6000E50A10 /* Validation.swift */ = {isa = PBXFileReference; lastKnownFileType = sourcecode.swift; path = Validation.swift; sourceTree = "<group>"; };
		8C65DCB10210318632CB04A1 /* Pods_RelatedDigitalExampleTests.framework */ = {isa = PBXFileReference; explicitFileType = wrapper.framework; includeInIndex = 0; path = Pods_RelatedDigitalExampleTests.framework; sourceTree = BUILT_PRODUCTS_DIR; };
		9EDAD231028D78D540CECEB7 /* Pods-RelatedDigitalExample.debug.xcconfig */ = {isa = PBXFileReference; includeInIndex = 1; lastKnownFileType = text.xcconfig; name = "Pods-RelatedDigitalExample.debug.xcconfig"; path = "Target Support Files/Pods-RelatedDigitalExample/Pods-RelatedDigitalExample.debug.xcconfig"; sourceTree = "<group>"; };
		B121A021817B32EC29045098 /* Pods-RelatedDigitalExampleTests.debug.xcconfig */ = {isa = PBXFileReference; includeInIndex = 1; lastKnownFileType = text.xcconfig; name = "Pods-RelatedDigitalExampleTests.debug.xcconfig"; path = "Target Support Files/Pods-RelatedDigitalExampleTests/Pods-RelatedDigitalExampleTests.debug.xcconfig"; sourceTree = "<group>"; };
		B2F1B4145D3E6F2E9CC66EC7 /* Pods-RelatedDigitalExampleTests.release.xcconfig */ = {isa = PBXFileReference; includeInIndex = 1; lastKnownFileType = text.xcconfig; name = "Pods-RelatedDigitalExampleTests.release.xcconfig"; path = "Target Support Files/Pods-RelatedDigitalExampleTests/Pods-RelatedDigitalExampleTests.release.xcconfig"; sourceTree = "<group>"; };
/* End PBXFileReference section */

/* Begin PBXFrameworksBuildPhase section */
		88680B062694FC09004B8DE8 /* Frameworks */ = {
			isa = PBXFrameworksBuildPhase;
			buildActionMask = 2147483647;
			files = (
				4C0CB2C264445A8A014E5929 /* Pods_RelatedDigitalExample.framework in Frameworks */,
			);
			runOnlyForDeploymentPostprocessing = 0;
		};
		88680B1C2694FC0D004B8DE8 /* Frameworks */ = {
			isa = PBXFrameworksBuildPhase;
			buildActionMask = 2147483647;
			files = (
				17E6F95FC1FA81C9F9EF8F68 /* Pods_RelatedDigitalExampleTests.framework in Frameworks */,
			);
			runOnlyForDeploymentPostprocessing = 0;
		};
		88680B272694FC0D004B8DE8 /* Frameworks */ = {
			isa = PBXFrameworksBuildPhase;
			buildActionMask = 2147483647;
			files = (
			);
			runOnlyForDeploymentPostprocessing = 0;
		};
/* End PBXFrameworksBuildPhase section */

/* Begin PBXGroup section */
		2F4250CD27B2678F00D53F97 /* Helpers */ = {
			isa = PBXGroup;
			children = (
				2F4250CE27B2679900D53F97 /* RelatedDigitalProfile.swift */,
				2F4250D227B2745400D53F97 /* DataManager.swift */,
				2F4250D627B27C4900D53F97 /* Extensions.swift */,
			);
			path = Helpers;
			sourceTree = "<group>";
		};
		79DC8014EF3BC9EA592B2AAE /* Pods */ = {
			isa = PBXGroup;
			children = (
				9EDAD231028D78D540CECEB7 /* Pods-RelatedDigitalExample.debug.xcconfig */,
				6C2532F67A145754C5FB2598 /* Pods-RelatedDigitalExample.release.xcconfig */,
				B121A021817B32EC29045098 /* Pods-RelatedDigitalExampleTests.debug.xcconfig */,
				B2F1B4145D3E6F2E9CC66EC7 /* Pods-RelatedDigitalExampleTests.release.xcconfig */,
			);
			path = Pods;
			sourceTree = "<group>";
		};
		88680B002694FC09004B8DE8 = {
			isa = PBXGroup;
			children = (
				88680B0B2694FC09004B8DE8 /* RelatedDigitalExample */,
				88680B222694FC0D004B8DE8 /* RelatedDigitalExampleTests */,
				88680B2D2694FC0D004B8DE8 /* RelatedDigitalExampleUITests */,
				88680B0A2694FC09004B8DE8 /* Products */,
				79DC8014EF3BC9EA592B2AAE /* Pods */,
				EF4A6A6D971EC68E2157BE79 /* Frameworks */,
			);
			sourceTree = "<group>";
		};
		88680B0A2694FC09004B8DE8 /* Products */ = {
			isa = PBXGroup;
			children = (
				88680B092694FC09004B8DE8 /* RelatedDigitalExample.app */,
				88680B1F2694FC0D004B8DE8 /* RelatedDigitalExampleTests.xctest */,
				88680B2A2694FC0D004B8DE8 /* RelatedDigitalExampleUITests.xctest */,
			);
			name = Products;
			sourceTree = "<group>";
		};
		88680B0B2694FC09004B8DE8 /* RelatedDigitalExample */ = {
			isa = PBXGroup;
			children = (
				2F325DEE27BFBB5A00817023 /* RelatedDigitalExample.entitlements */,
				2F4250CD27B2678F00D53F97 /* Helpers */,
				88C8886F2695456000E50A10 /* Controllers */,
				88680B0C2694FC09004B8DE8 /* AppDelegate.swift */,
				88680B152694FC0C004B8DE8 /* Assets.xcassets */,
				88680B172694FC0C004B8DE8 /* LaunchScreen.storyboard */,
				88680B1A2694FC0C004B8DE8 /* Info.plist */,
			);
			path = RelatedDigitalExample;
			sourceTree = "<group>";
		};
		88680B222694FC0D004B8DE8 /* RelatedDigitalExampleTests */ = {
			isa = PBXGroup;
			children = (
				88680B232694FC0D004B8DE8 /* RelatedDigitalExampleTests.swift */,
				88680B252694FC0D004B8DE8 /* Info.plist */,
			);
			path = RelatedDigitalExampleTests;
			sourceTree = "<group>";
		};
		88680B2D2694FC0D004B8DE8 /* RelatedDigitalExampleUITests */ = {
			isa = PBXGroup;
			children = (
				88680B2E2694FC0D004B8DE8 /* RelatedDigitalExampleUITests.swift */,
				88680B302694FC0D004B8DE8 /* Info.plist */,
			);
			path = RelatedDigitalExampleUITests;
			sourceTree = "<group>";
		};
		88C8886F2695456000E50A10 /* Controllers */ = {
			isa = PBXGroup;
			children = (
				88146CD2269CF8A400473051 /* AnalyticsViewController.swift */,
				88C888742695474300E50A10 /* Core.swift */,
				88680B102694FC09004B8DE8 /* HomeViewController.swift */,
				88C888702695461400E50A10 /* FormViewController.swift */,
				88C8887826954A6000E50A10 /* Validation.swift */,
				88146CD0269CF5AD00473051 /* RelatedDigitalTabBarController.swift */,
				88146CD4269CF8E000473051 /* GeofenceViewController.swift */,
				2F4250D427B275EA00D53F97 /* InAppViewController.swift */,
				2F51063C27B3A5850008C996 /* StoryViewController.swift */,
				2F51063E27B3A7380008C996 /* RecommendationViewController.swift */,
				2F51064427B3A8890008C996 /* FavoriteViewController.swift */,
			);
			path = Controllers;
			sourceTree = "<group>";
		};
		EF4A6A6D971EC68E2157BE79 /* Frameworks */ = {
			isa = PBXGroup;
			children = (
				4B5A998483FFF01F94AF0313 /* Pods_RelatedDigitalExample.framework */,
				8C65DCB10210318632CB04A1 /* Pods_RelatedDigitalExampleTests.framework */,
			);
			name = Frameworks;
			sourceTree = "<group>";
		};
/* End PBXGroup section */

/* Begin PBXNativeTarget section */
		88680B082694FC09004B8DE8 /* RelatedDigitalExample */ = {
			isa = PBXNativeTarget;
			buildConfigurationList = 88680B332694FC0D004B8DE8 /* Build configuration list for PBXNativeTarget "RelatedDigitalExample" */;
			buildPhases = (
				B407C15A144350CFDE905405 /* [CP] Check Pods Manifest.lock */,
				88680B052694FC09004B8DE8 /* Sources */,
				88680B062694FC09004B8DE8 /* Frameworks */,
				88680B072694FC09004B8DE8 /* Resources */,
				F7F5A4B9C70B26E987043C46 /* [CP] Embed Pods Frameworks */,
			);
			buildRules = (
			);
			dependencies = (
			);
			name = RelatedDigitalExample;
			productName = RelatedDigitalExample;
			productReference = 88680B092694FC09004B8DE8 /* RelatedDigitalExample.app */;
			productType = "com.apple.product-type.application";
		};
		88680B1E2694FC0D004B8DE8 /* RelatedDigitalExampleTests */ = {
			isa = PBXNativeTarget;
			buildConfigurationList = 88680B362694FC0D004B8DE8 /* Build configuration list for PBXNativeTarget "RelatedDigitalExampleTests" */;
			buildPhases = (
				1CDAC7B94CA80B2432834F03 /* [CP] Check Pods Manifest.lock */,
				88680B1B2694FC0D004B8DE8 /* Sources */,
				88680B1C2694FC0D004B8DE8 /* Frameworks */,
				88680B1D2694FC0D004B8DE8 /* Resources */,
				B3556237730648E87CB00902 /* [CP] Embed Pods Frameworks */,
			);
			buildRules = (
			);
			dependencies = (
				88680B212694FC0D004B8DE8 /* PBXTargetDependency */,
			);
			name = RelatedDigitalExampleTests;
			productName = RelatedDigitalExampleTests;
			productReference = 88680B1F2694FC0D004B8DE8 /* RelatedDigitalExampleTests.xctest */;
			productType = "com.apple.product-type.bundle.unit-test";
		};
		88680B292694FC0D004B8DE8 /* RelatedDigitalExampleUITests */ = {
			isa = PBXNativeTarget;
			buildConfigurationList = 88680B392694FC0D004B8DE8 /* Build configuration list for PBXNativeTarget "RelatedDigitalExampleUITests" */;
			buildPhases = (
				88680B262694FC0D004B8DE8 /* Sources */,
				88680B272694FC0D004B8DE8 /* Frameworks */,
				88680B282694FC0D004B8DE8 /* Resources */,
			);
			buildRules = (
			);
			dependencies = (
				88680B2C2694FC0D004B8DE8 /* PBXTargetDependency */,
			);
			name = RelatedDigitalExampleUITests;
			productName = RelatedDigitalExampleUITests;
			productReference = 88680B2A2694FC0D004B8DE8 /* RelatedDigitalExampleUITests.xctest */;
			productType = "com.apple.product-type.bundle.ui-testing";
		};
/* End PBXNativeTarget section */

/* Begin PBXProject section */
		88680B012694FC09004B8DE8 /* Project object */ = {
			isa = PBXProject;
			attributes = {
				LastSwiftUpdateCheck = 1250;
				LastUpgradeCheck = 1250;
				TargetAttributes = {
					88680B082694FC09004B8DE8 = {
						CreatedOnToolsVersion = 12.5.1;
					};
					88680B1E2694FC0D004B8DE8 = {
						CreatedOnToolsVersion = 12.5.1;
						TestTargetID = 88680B082694FC09004B8DE8;
					};
					88680B292694FC0D004B8DE8 = {
						CreatedOnToolsVersion = 12.5.1;
						TestTargetID = 88680B082694FC09004B8DE8;
					};
				};
			};
			buildConfigurationList = 88680B042694FC09004B8DE8 /* Build configuration list for PBXProject "RelatedDigitalExample" */;
			compatibilityVersion = "Xcode 9.3";
			developmentRegion = en;
			hasScannedForEncodings = 0;
			knownRegions = (
				en,
				Base,
			);
			mainGroup = 88680B002694FC09004B8DE8;
			productRefGroup = 88680B0A2694FC09004B8DE8 /* Products */;
			projectDirPath = "";
			projectRoot = "";
			targets = (
				88680B082694FC09004B8DE8 /* RelatedDigitalExample */,
				88680B1E2694FC0D004B8DE8 /* RelatedDigitalExampleTests */,
				88680B292694FC0D004B8DE8 /* RelatedDigitalExampleUITests */,
			);
		};
/* End PBXProject section */

/* Begin PBXResourcesBuildPhase section */
		88680B072694FC09004B8DE8 /* Resources */ = {
			isa = PBXResourcesBuildPhase;
			buildActionMask = 2147483647;
			files = (
				88680B192694FC0C004B8DE8 /* LaunchScreen.storyboard in Resources */,
				88680B162694FC0C004B8DE8 /* Assets.xcassets in Resources */,
			);
			runOnlyForDeploymentPostprocessing = 0;
		};
		88680B1D2694FC0D004B8DE8 /* Resources */ = {
			isa = PBXResourcesBuildPhase;
			buildActionMask = 2147483647;
			files = (
			);
			runOnlyForDeploymentPostprocessing = 0;
		};
		88680B282694FC0D004B8DE8 /* Resources */ = {
			isa = PBXResourcesBuildPhase;
			buildActionMask = 2147483647;
			files = (
			);
			runOnlyForDeploymentPostprocessing = 0;
		};
/* End PBXResourcesBuildPhase section */

/* Begin PBXShellScriptBuildPhase section */
		1CDAC7B94CA80B2432834F03 /* [CP] Check Pods Manifest.lock */ = {
			isa = PBXShellScriptBuildPhase;
			buildActionMask = 2147483647;
			files = (
			);
			inputFileListPaths = (
			);
			inputPaths = (
				"${PODS_PODFILE_DIR_PATH}/Podfile.lock",
				"${PODS_ROOT}/Manifest.lock",
			);
			name = "[CP] Check Pods Manifest.lock";
			outputFileListPaths = (
			);
			outputPaths = (
				"$(DERIVED_FILE_DIR)/Pods-RelatedDigitalExampleTests-checkManifestLockResult.txt",
			);
			runOnlyForDeploymentPostprocessing = 0;
			shellPath = /bin/sh;
			shellScript = "diff \"${PODS_PODFILE_DIR_PATH}/Podfile.lock\" \"${PODS_ROOT}/Manifest.lock\" > /dev/null\nif [ $? != 0 ] ; then\n    # print error to STDERR\n    echo \"error: The sandbox is not in sync with the Podfile.lock. Run 'pod install' or update your CocoaPods installation.\" >&2\n    exit 1\nfi\n# This output is used by Xcode 'outputs' to avoid re-running this script phase.\necho \"SUCCESS\" > \"${SCRIPT_OUTPUT_FILE_0}\"\n";
			showEnvVarsInLog = 0;
		};
		B3556237730648E87CB00902 /* [CP] Embed Pods Frameworks */ = {
			isa = PBXShellScriptBuildPhase;
			buildActionMask = 2147483647;
			files = (
			);
			inputFileListPaths = (
				"${PODS_ROOT}/Target Support Files/Pods-RelatedDigitalExampleTests/Pods-RelatedDigitalExampleTests-frameworks-${CONFIGURATION}-input-files.xcfilelist",
			);
			name = "[CP] Embed Pods Frameworks";
			outputFileListPaths = (
				"${PODS_ROOT}/Target Support Files/Pods-RelatedDigitalExampleTests/Pods-RelatedDigitalExampleTests-frameworks-${CONFIGURATION}-output-files.xcfilelist",
			);
			runOnlyForDeploymentPostprocessing = 0;
			shellPath = /bin/sh;
			shellScript = "\"${PODS_ROOT}/Target Support Files/Pods-RelatedDigitalExampleTests/Pods-RelatedDigitalExampleTests-frameworks.sh\"\n";
			showEnvVarsInLog = 0;
		};
		B407C15A144350CFDE905405 /* [CP] Check Pods Manifest.lock */ = {
			isa = PBXShellScriptBuildPhase;
			buildActionMask = 2147483647;
			files = (
			);
			inputFileListPaths = (
			);
			inputPaths = (
				"${PODS_PODFILE_DIR_PATH}/Podfile.lock",
				"${PODS_ROOT}/Manifest.lock",
			);
			name = "[CP] Check Pods Manifest.lock";
			outputFileListPaths = (
			);
			outputPaths = (
				"$(DERIVED_FILE_DIR)/Pods-RelatedDigitalExample-checkManifestLockResult.txt",
			);
			runOnlyForDeploymentPostprocessing = 0;
			shellPath = /bin/sh;
			shellScript = "diff \"${PODS_PODFILE_DIR_PATH}/Podfile.lock\" \"${PODS_ROOT}/Manifest.lock\" > /dev/null\nif [ $? != 0 ] ; then\n    # print error to STDERR\n    echo \"error: The sandbox is not in sync with the Podfile.lock. Run 'pod install' or update your CocoaPods installation.\" >&2\n    exit 1\nfi\n# This output is used by Xcode 'outputs' to avoid re-running this script phase.\necho \"SUCCESS\" > \"${SCRIPT_OUTPUT_FILE_0}\"\n";
			showEnvVarsInLog = 0;
		};
		F7F5A4B9C70B26E987043C46 /* [CP] Embed Pods Frameworks */ = {
			isa = PBXShellScriptBuildPhase;
			buildActionMask = 2147483647;
			files = (
			);
			inputFileListPaths = (
				"${PODS_ROOT}/Target Support Files/Pods-RelatedDigitalExample/Pods-RelatedDigitalExample-frameworks-${CONFIGURATION}-input-files.xcfilelist",
			);
			name = "[CP] Embed Pods Frameworks";
			outputFileListPaths = (
				"${PODS_ROOT}/Target Support Files/Pods-RelatedDigitalExample/Pods-RelatedDigitalExample-frameworks-${CONFIGURATION}-output-files.xcfilelist",
			);
			runOnlyForDeploymentPostprocessing = 0;
			shellPath = /bin/sh;
			shellScript = "\"${PODS_ROOT}/Target Support Files/Pods-RelatedDigitalExample/Pods-RelatedDigitalExample-frameworks.sh\"\n";
			showEnvVarsInLog = 0;
		};
/* End PBXShellScriptBuildPhase section */

/* Begin PBXSourcesBuildPhase section */
		88680B052694FC09004B8DE8 /* Sources */ = {
			isa = PBXSourcesBuildPhase;
			buildActionMask = 2147483647;
			files = (
				88146CD5269CF8E000473051 /* GeofenceViewController.swift in Sources */,
				2F4250D327B2745400D53F97 /* DataManager.swift in Sources */,
				88146CD3269CF8A400473051 /* AnalyticsViewController.swift in Sources */,
				2F51064527B3A8890008C996 /* FavoriteViewController.swift in Sources */,
				88146CD1269CF5AD00473051 /* RelatedDigitalTabBarController.swift in Sources */,
				2F4250D527B275EA00D53F97 /* InAppViewController.swift in Sources */,
				88C8887926954A6000E50A10 /* Validation.swift in Sources */,
				88680B112694FC09004B8DE8 /* HomeViewController.swift in Sources */,
				88C888712695461400E50A10 /* FormViewController.swift in Sources */,
				88680B0D2694FC09004B8DE8 /* AppDelegate.swift in Sources */,
				2F51063F27B3A7380008C996 /* RecommendationViewController.swift in Sources */,
				88C888752695474300E50A10 /* Core.swift in Sources */,
				2F4250D727B27C4900D53F97 /* Extensions.swift in Sources */,
				2F51063D27B3A5850008C996 /* StoryViewController.swift in Sources */,
				2F4250CF27B2679900D53F97 /* RelatedDigitalProfile.swift in Sources */,
			);
			runOnlyForDeploymentPostprocessing = 0;
		};
		88680B1B2694FC0D004B8DE8 /* Sources */ = {
			isa = PBXSourcesBuildPhase;
			buildActionMask = 2147483647;
			files = (
				88680B242694FC0D004B8DE8 /* RelatedDigitalExampleTests.swift in Sources */,
			);
			runOnlyForDeploymentPostprocessing = 0;
		};
		88680B262694FC0D004B8DE8 /* Sources */ = {
			isa = PBXSourcesBuildPhase;
			buildActionMask = 2147483647;
			files = (
				88680B2F2694FC0D004B8DE8 /* RelatedDigitalExampleUITests.swift in Sources */,
			);
			runOnlyForDeploymentPostprocessing = 0;
		};
/* End PBXSourcesBuildPhase section */

/* Begin PBXTargetDependency section */
		88680B212694FC0D004B8DE8 /* PBXTargetDependency */ = {
			isa = PBXTargetDependency;
			target = 88680B082694FC09004B8DE8 /* RelatedDigitalExample */;
			targetProxy = 88680B202694FC0D004B8DE8 /* PBXContainerItemProxy */;
		};
		88680B2C2694FC0D004B8DE8 /* PBXTargetDependency */ = {
			isa = PBXTargetDependency;
			target = 88680B082694FC09004B8DE8 /* RelatedDigitalExample */;
			targetProxy = 88680B2B2694FC0D004B8DE8 /* PBXContainerItemProxy */;
		};
/* End PBXTargetDependency section */

/* Begin PBXVariantGroup section */
		88680B172694FC0C004B8DE8 /* LaunchScreen.storyboard */ = {
			isa = PBXVariantGroup;
			children = (
				88680B182694FC0C004B8DE8 /* Base */,
			);
			name = LaunchScreen.storyboard;
			sourceTree = "<group>";
		};
/* End PBXVariantGroup section */

/* Begin XCBuildConfiguration section */
		88680B312694FC0D004B8DE8 /* Debug */ = {
			isa = XCBuildConfiguration;
			buildSettings = {
				ALWAYS_SEARCH_USER_PATHS = NO;
				CLANG_ANALYZER_NONNULL = YES;
				CLANG_ANALYZER_NUMBER_OBJECT_CONVERSION = YES_AGGRESSIVE;
				CLANG_CXX_LANGUAGE_STANDARD = "gnu++14";
				CLANG_CXX_LIBRARY = "libc++";
				CLANG_ENABLE_MODULES = YES;
				CLANG_ENABLE_OBJC_ARC = YES;
				CLANG_ENABLE_OBJC_WEAK = YES;
				CLANG_WARN_BLOCK_CAPTURE_AUTORELEASING = YES;
				CLANG_WARN_BOOL_CONVERSION = YES;
				CLANG_WARN_COMMA = YES;
				CLANG_WARN_CONSTANT_CONVERSION = YES;
				CLANG_WARN_DEPRECATED_OBJC_IMPLEMENTATIONS = YES;
				CLANG_WARN_DIRECT_OBJC_ISA_USAGE = YES_ERROR;
				CLANG_WARN_DOCUMENTATION_COMMENTS = YES;
				CLANG_WARN_EMPTY_BODY = YES;
				CLANG_WARN_ENUM_CONVERSION = YES;
				CLANG_WARN_INFINITE_RECURSION = YES;
				CLANG_WARN_INT_CONVERSION = YES;
				CLANG_WARN_NON_LITERAL_NULL_CONVERSION = YES;
				CLANG_WARN_OBJC_IMPLICIT_RETAIN_SELF = YES;
				CLANG_WARN_OBJC_LITERAL_CONVERSION = YES;
				CLANG_WARN_OBJC_ROOT_CLASS = YES_ERROR;
				CLANG_WARN_QUOTED_INCLUDE_IN_FRAMEWORK_HEADER = YES;
				CLANG_WARN_RANGE_LOOP_ANALYSIS = YES;
				CLANG_WARN_STRICT_PROTOTYPES = YES;
				CLANG_WARN_SUSPICIOUS_MOVE = YES;
				CLANG_WARN_UNGUARDED_AVAILABILITY = YES_AGGRESSIVE;
				CLANG_WARN_UNREACHABLE_CODE = YES;
				CLANG_WARN__DUPLICATE_METHOD_MATCH = YES;
				COPY_PHASE_STRIP = NO;
				DEBUG_INFORMATION_FORMAT = dwarf;
				ENABLE_STRICT_OBJC_MSGSEND = YES;
				ENABLE_TESTABILITY = YES;
				GCC_C_LANGUAGE_STANDARD = gnu11;
				GCC_DYNAMIC_NO_PIC = NO;
				GCC_NO_COMMON_BLOCKS = YES;
				GCC_OPTIMIZATION_LEVEL = 0;
				GCC_PREPROCESSOR_DEFINITIONS = (
					"DEBUG=1",
					"$(inherited)",
				);
				GCC_WARN_64_TO_32_BIT_CONVERSION = YES;
				GCC_WARN_ABOUT_RETURN_TYPE = YES_ERROR;
				GCC_WARN_UNDECLARED_SELECTOR = YES;
				GCC_WARN_UNINITIALIZED_AUTOS = YES_AGGRESSIVE;
				GCC_WARN_UNUSED_FUNCTION = YES;
				GCC_WARN_UNUSED_VARIABLE = YES;
				IPHONEOS_DEPLOYMENT_TARGET = 11.0;
				MTL_ENABLE_DEBUG_INFO = INCLUDE_SOURCE;
				MTL_FAST_MATH = YES;
				ONLY_ACTIVE_ARCH = YES;
				SDKROOT = iphoneos;
				SWIFT_ACTIVE_COMPILATION_CONDITIONS = DEBUG;
				SWIFT_OPTIMIZATION_LEVEL = "-Onone";
			};
			name = Debug;
		};
		88680B322694FC0D004B8DE8 /* Release */ = {
			isa = XCBuildConfiguration;
			buildSettings = {
				ALWAYS_SEARCH_USER_PATHS = NO;
				CLANG_ANALYZER_NONNULL = YES;
				CLANG_ANALYZER_NUMBER_OBJECT_CONVERSION = YES_AGGRESSIVE;
				CLANG_CXX_LANGUAGE_STANDARD = "gnu++14";
				CLANG_CXX_LIBRARY = "libc++";
				CLANG_ENABLE_MODULES = YES;
				CLANG_ENABLE_OBJC_ARC = YES;
				CLANG_ENABLE_OBJC_WEAK = YES;
				CLANG_WARN_BLOCK_CAPTURE_AUTORELEASING = YES;
				CLANG_WARN_BOOL_CONVERSION = YES;
				CLANG_WARN_COMMA = YES;
				CLANG_WARN_CONSTANT_CONVERSION = YES;
				CLANG_WARN_DEPRECATED_OBJC_IMPLEMENTATIONS = YES;
				CLANG_WARN_DIRECT_OBJC_ISA_USAGE = YES_ERROR;
				CLANG_WARN_DOCUMENTATION_COMMENTS = YES;
				CLANG_WARN_EMPTY_BODY = YES;
				CLANG_WARN_ENUM_CONVERSION = YES;
				CLANG_WARN_INFINITE_RECURSION = YES;
				CLANG_WARN_INT_CONVERSION = YES;
				CLANG_WARN_NON_LITERAL_NULL_CONVERSION = YES;
				CLANG_WARN_OBJC_IMPLICIT_RETAIN_SELF = YES;
				CLANG_WARN_OBJC_LITERAL_CONVERSION = YES;
				CLANG_WARN_OBJC_ROOT_CLASS = YES_ERROR;
				CLANG_WARN_QUOTED_INCLUDE_IN_FRAMEWORK_HEADER = YES;
				CLANG_WARN_RANGE_LOOP_ANALYSIS = YES;
				CLANG_WARN_STRICT_PROTOTYPES = YES;
				CLANG_WARN_SUSPICIOUS_MOVE = YES;
				CLANG_WARN_UNGUARDED_AVAILABILITY = YES_AGGRESSIVE;
				CLANG_WARN_UNREACHABLE_CODE = YES;
				CLANG_WARN__DUPLICATE_METHOD_MATCH = YES;
				COPY_PHASE_STRIP = NO;
				DEBUG_INFORMATION_FORMAT = "dwarf-with-dsym";
				ENABLE_NS_ASSERTIONS = NO;
				ENABLE_STRICT_OBJC_MSGSEND = YES;
				GCC_C_LANGUAGE_STANDARD = gnu11;
				GCC_NO_COMMON_BLOCKS = YES;
				GCC_WARN_64_TO_32_BIT_CONVERSION = YES;
				GCC_WARN_ABOUT_RETURN_TYPE = YES_ERROR;
				GCC_WARN_UNDECLARED_SELECTOR = YES;
				GCC_WARN_UNINITIALIZED_AUTOS = YES_AGGRESSIVE;
				GCC_WARN_UNUSED_FUNCTION = YES;
				GCC_WARN_UNUSED_VARIABLE = YES;
				IPHONEOS_DEPLOYMENT_TARGET = 11.0;
				MTL_ENABLE_DEBUG_INFO = NO;
				MTL_FAST_MATH = YES;
				SDKROOT = iphoneos;
				SWIFT_COMPILATION_MODE = wholemodule;
				SWIFT_OPTIMIZATION_LEVEL = "-O";
				VALIDATE_PRODUCT = YES;
			};
			name = Release;
		};
		88680B342694FC0D004B8DE8 /* Debug */ = {
			isa = XCBuildConfiguration;
			baseConfigurationReference = 9EDAD231028D78D540CECEB7 /* Pods-RelatedDigitalExample.debug.xcconfig */;
			buildSettings = {
				ASSETCATALOG_COMPILER_APPICON_NAME = AppIcon;
				ASSETCATALOG_COMPILER_GLOBAL_ACCENT_COLOR_NAME = AccentColor;
				CODE_SIGN_ENTITLEMENTS = RelatedDigitalExample/RelatedDigitalExample.entitlements;
				CODE_SIGN_STYLE = Automatic;
				DEVELOPMENT_TEAM = 5M383PCDJZ;
				INFOPLIST_FILE = RelatedDigitalExample/Info.plist;
				IPHONEOS_DEPLOYMENT_TARGET = 11.0;
				LD_RUNPATH_SEARCH_PATHS = (
					"$(inherited)",
					"@executable_path/Frameworks",
				);
				PRODUCT_BUNDLE_IDENTIFIER = com.relateddigital.RelatedDigitalExample;
				PRODUCT_NAME = "$(TARGET_NAME)";
				SWIFT_VERSION = 5.0;
				TARGETED_DEVICE_FAMILY = "1,2";
			};
			name = Debug;
		};
		88680B352694FC0D004B8DE8 /* Release */ = {
			isa = XCBuildConfiguration;
			baseConfigurationReference = 6C2532F67A145754C5FB2598 /* Pods-RelatedDigitalExample.release.xcconfig */;
			buildSettings = {
				ASSETCATALOG_COMPILER_APPICON_NAME = AppIcon;
				ASSETCATALOG_COMPILER_GLOBAL_ACCENT_COLOR_NAME = AccentColor;
				CODE_SIGN_ENTITLEMENTS = RelatedDigitalExample/RelatedDigitalExample.entitlements;
				CODE_SIGN_STYLE = Automatic;
				DEVELOPMENT_TEAM = 5M383PCDJZ;
				INFOPLIST_FILE = RelatedDigitalExample/Info.plist;
				IPHONEOS_DEPLOYMENT_TARGET = 11.0;
				LD_RUNPATH_SEARCH_PATHS = (
					"$(inherited)",
					"@executable_path/Frameworks",
				);
				PRODUCT_BUNDLE_IDENTIFIER = com.relateddigital.RelatedDigitalExample;
				PRODUCT_NAME = "$(TARGET_NAME)";
				SWIFT_VERSION = 5.0;
				TARGETED_DEVICE_FAMILY = "1,2";
			};
			name = Release;
		};
		88680B372694FC0D004B8DE8 /* Debug */ = {
			isa = XCBuildConfiguration;
			baseConfigurationReference = B121A021817B32EC29045098 /* Pods-RelatedDigitalExampleTests.debug.xcconfig */;
			buildSettings = {
				ALWAYS_EMBED_SWIFT_STANDARD_LIBRARIES = YES;
				BUNDLE_LOADER = "$(TEST_HOST)";
				CODE_SIGN_STYLE = Automatic;
				DEVELOPMENT_TEAM = 5M383PCDJZ;
				INFOPLIST_FILE = RelatedDigitalExampleTests/Info.plist;
				IPHONEOS_DEPLOYMENT_TARGET = 14.5;
				LD_RUNPATH_SEARCH_PATHS = (
					"$(inherited)",
					"@executable_path/Frameworks",
					"@loader_path/Frameworks",
				);
				PRODUCT_BUNDLE_IDENTIFIER = com.relateddigital.RelatedDigitalExampleTests;
				PRODUCT_NAME = "$(TARGET_NAME)";
				SWIFT_VERSION = 5.0;
				TARGETED_DEVICE_FAMILY = "1,2";
				TEST_HOST = "$(BUILT_PRODUCTS_DIR)/RelatedDigitalExample.app/RelatedDigitalExample";
			};
			name = Debug;
		};
		88680B382694FC0D004B8DE8 /* Release */ = {
			isa = XCBuildConfiguration;
			baseConfigurationReference = B2F1B4145D3E6F2E9CC66EC7 /* Pods-RelatedDigitalExampleTests.release.xcconfig */;
			buildSettings = {
				ALWAYS_EMBED_SWIFT_STANDARD_LIBRARIES = YES;
				BUNDLE_LOADER = "$(TEST_HOST)";
				CODE_SIGN_STYLE = Automatic;
				DEVELOPMENT_TEAM = 5M383PCDJZ;
				INFOPLIST_FILE = RelatedDigitalExampleTests/Info.plist;
				IPHONEOS_DEPLOYMENT_TARGET = 14.5;
				LD_RUNPATH_SEARCH_PATHS = (
					"$(inherited)",
					"@executable_path/Frameworks",
					"@loader_path/Frameworks",
				);
				PRODUCT_BUNDLE_IDENTIFIER = com.relateddigital.RelatedDigitalExampleTests;
				PRODUCT_NAME = "$(TARGET_NAME)";
				SWIFT_VERSION = 5.0;
				TARGETED_DEVICE_FAMILY = "1,2";
				TEST_HOST = "$(BUILT_PRODUCTS_DIR)/RelatedDigitalExample.app/RelatedDigitalExample";
			};
			name = Release;
		};
		88680B3A2694FC0D004B8DE8 /* Debug */ = {
			isa = XCBuildConfiguration;
			buildSettings = {
				ALWAYS_EMBED_SWIFT_STANDARD_LIBRARIES = YES;
				CODE_SIGN_STYLE = Automatic;
				DEVELOPMENT_TEAM = 5M383PCDJZ;
				INFOPLIST_FILE = RelatedDigitalExampleUITests/Info.plist;
				LD_RUNPATH_SEARCH_PATHS = (
					"$(inherited)",
					"@executable_path/Frameworks",
					"@loader_path/Frameworks",
				);
				PRODUCT_BUNDLE_IDENTIFIER = com.relateddigital.RelatedDigitalExampleUITests;
				PRODUCT_NAME = "$(TARGET_NAME)";
				SWIFT_VERSION = 5.0;
				TARGETED_DEVICE_FAMILY = "1,2";
				TEST_TARGET_NAME = RelatedDigitalExample;
			};
			name = Debug;
		};
		88680B3B2694FC0D004B8DE8 /* Release */ = {
			isa = XCBuildConfiguration;
			buildSettings = {
				ALWAYS_EMBED_SWIFT_STANDARD_LIBRARIES = YES;
				CODE_SIGN_STYLE = Automatic;
				DEVELOPMENT_TEAM = 5M383PCDJZ;
				INFOPLIST_FILE = RelatedDigitalExampleUITests/Info.plist;
				LD_RUNPATH_SEARCH_PATHS = (
					"$(inherited)",
					"@executable_path/Frameworks",
					"@loader_path/Frameworks",
				);
				PRODUCT_BUNDLE_IDENTIFIER = com.relateddigital.RelatedDigitalExampleUITests;
				PRODUCT_NAME = "$(TARGET_NAME)";
				SWIFT_VERSION = 5.0;
				TARGETED_DEVICE_FAMILY = "1,2";
				TEST_TARGET_NAME = RelatedDigitalExample;
			};
			name = Release;
		};
/* End XCBuildConfiguration section */

/* Begin XCConfigurationList section */
		88680B042694FC09004B8DE8 /* Build configuration list for PBXProject "RelatedDigitalExample" */ = {
			isa = XCConfigurationList;
			buildConfigurations = (
				88680B312694FC0D004B8DE8 /* Debug */,
				88680B322694FC0D004B8DE8 /* Release */,
			);
			defaultConfigurationIsVisible = 0;
			defaultConfigurationName = Release;
		};
		88680B332694FC0D004B8DE8 /* Build configuration list for PBXNativeTarget "RelatedDigitalExample" */ = {
			isa = XCConfigurationList;
			buildConfigurations = (
				88680B342694FC0D004B8DE8 /* Debug */,
				88680B352694FC0D004B8DE8 /* Release */,
			);
			defaultConfigurationIsVisible = 0;
			defaultConfigurationName = Release;
		};
		88680B362694FC0D004B8DE8 /* Build configuration list for PBXNativeTarget "RelatedDigitalExampleTests" */ = {
			isa = XCConfigurationList;
			buildConfigurations = (
				88680B372694FC0D004B8DE8 /* Debug */,
				88680B382694FC0D004B8DE8 /* Release */,
			);
			defaultConfigurationIsVisible = 0;
			defaultConfigurationName = Release;
		};
		88680B392694FC0D004B8DE8 /* Build configuration list for PBXNativeTarget "RelatedDigitalExampleUITests" */ = {
			isa = XCConfigurationList;
			buildConfigurations = (
				88680B3A2694FC0D004B8DE8 /* Debug */,
				88680B3B2694FC0D004B8DE8 /* Release */,
			);
			defaultConfigurationIsVisible = 0;
			defaultConfigurationName = Release;
		};
/* End XCConfigurationList section */
	};
	rootObject = 88680B012694FC09004B8DE8 /* Project object */;
}
